// !$*UTF8*$!
{
	archiveVersion = 1;
	classes = {
	};
	objectVersion = 46;
	objects = {

/* Begin PBXBuildFile section */
		B01AE9291DD64F7B0029B53E /* main.m in Sources */ = {isa = PBXBuildFile; fileRef = B01AE9281DD64F7B0029B53E /* main.m */; };
		B01AE92C1DD64F7B0029B53E /* AppDelegate.m in Sources */ = {isa = PBXBuildFile; fileRef = B01AE92B1DD64F7B0029B53E /* AppDelegate.m */; };
		B01AE92F1DD64F7B0029B53E /* ViewController.m in Sources */ = {isa = PBXBuildFile; fileRef = B01AE92E1DD64F7B0029B53E /* ViewController.m */; };
		B01AE9321DD64F7B0029B53E /* Main.storyboard in Resources */ = {isa = PBXBuildFile; fileRef = B01AE9301DD64F7B0029B53E /* Main.storyboard */; };
		B01AE9341DD64F7B0029B53E /* Assets.xcassets in Resources */ = {isa = PBXBuildFile; fileRef = B01AE9331DD64F7B0029B53E /* Assets.xcassets */; };
		B01AE9371DD64F7B0029B53E /* LaunchScreen.storyboard in Resources */ = {isa = PBXBuildFile; fileRef = B01AE9351DD64F7B0029B53E /* LaunchScreen.storyboard */; };
/* End PBXBuildFile section */

/* Begin PBXFileReference section */
		B01AE9241DD64F7B0029B53E /* TipCalculator.app */ = {isa = PBXFileReference; explicitFileType = wrapper.application; includeInIndex = 0; path = TipCalculator.app; sourceTree = BUILT_PRODUCTS_DIR; };
		B01AE9281DD64F7B0029B53E /* main.m */ = {isa = PBXFileReference; lastKnownFileType = sourcecode.c.objc; path = main.m; sourceTree = "<group>"; };
		B01AE92A1DD64F7B0029B53E /* AppDelegate.h */ = {isa = PBXFileReference; lastKnownFileType = sourcecode.c.h; path = AppDelegate.h; sourceTree = "<group>"; };
		B01AE92B1DD64F7B0029B53E /* AppDelegate.m */ = {isa = PBXFileReference; lastKnownFileType = sourcecode.c.objc; path = AppDelegate.m; sourceTree = "<group>"; };
		B01AE92D1DD64F7B0029B53E /* ViewController.h */ = {isa = PBXFileReference; lastKnownFileType = sourcecode.c.h; path = ViewController.h; sourceTree = "<group>"; };
		B01AE92E1DD64F7B0029B53E /* ViewController.m */ = {isa = PBXFileReference; lastKnownFileType = sourcecode.c.objc; path = ViewController.m; sourceTree = "<group>"; };
		B01AE9311DD64F7B0029B53E /* Base */ = {isa = PBXFileReference; lastKnownFileType = file.storyboard; name = Base; path = Base.lproj/Main.storyboard; sourceTree = "<group>"; };
		B01AE9331DD64F7B0029B53E /* Assets.xcassets */ = {isa = PBXFileReference; lastKnownFileType = folder.assetcatalog; path = Assets.xcassets; sourceTree = "<group>"; };
		B01AE9361DD64F7B0029B53E /* Base */ = {isa = PBXFileReference; lastKnownFileType = file.storyboard; name = Base; path = Base.lproj/LaunchScreen.storyboard; sourceTree = "<group>"; };
		B01AE9381DD64F7B0029B53E /* Info.plist */ = {isa = PBXFileReference; lastKnownFileType = text.plist.xml; path = Info.plist; sourceTree = "<group>"; };
/* End PBXFileReference section */

/* Begin PBXFrameworksBuildPhase section */
		B01AE9211DD64F7B0029B53E /* Frameworks */ = {
			isa = PBXFrameworksBuildPhase;
			buildActionMask = 2147483647;
			files = (
			);
			runOnlyForDeploymentPostprocessing = 0;
		};
/* End PBXFrameworksBuildPhase section */

/* Begin PBXGroup section */
		B01AE91B1DD64F7B0029B53E = {
			isa = PBXGroup;
			children = (
				B01AE9261DD64F7B0029B53E /* TipCalculator */,
				B01AE9251DD64F7B0029B53E /* Products */,
			);
			sourceTree = "<group>";
		};
		B01AE9251DD64F7B0029B53E /* Products */ = {
			isa = PBXGroup;
			children = (
				B01AE9241DD64F7B0029B53E /* TipCalculator.app */,
			);
			name = Products;
			sourceTree = "<group>";
		};
		B01AE9261DD64F7B0029B53E /* TipCalculator */ = {
			isa = PBXGroup;
			children = (
				B01AE9411DD64FC40029B53E /* UI */,
				B01AE9401DD64FA80029B53E /* Model */,
				B01AE93F1DD64FA20029B53E /* Controller */,
				B01AE93E1DD64F810029B53E /* View */,
				B01AE9331DD64F7B0029B53E /* Assets.xcassets */,
				B01AE9351DD64F7B0029B53E /* LaunchScreen.storyboard */,
				B01AE9381DD64F7B0029B53E /* Info.plist */,
				B01AE9271DD64F7B0029B53E /* Supporting Files */,
			);
			path = TipCalculator;
			sourceTree = "<group>";
		};
		B01AE9271DD64F7B0029B53E /* Supporting Files */ = {
			isa = PBXGroup;
			children = (
				B01AE9281DD64F7B0029B53E /* main.m */,
			);
			name = "Supporting Files";
			sourceTree = "<group>";
		};
		B01AE93E1DD64F810029B53E /* View */ = {
			isa = PBXGroup;
			children = (
			);
			name = View;
			sourceTree = "<group>";
		};
		B01AE93F1DD64FA20029B53E /* Controller */ = {
			isa = PBXGroup;
			children = (
				B01AE92D1DD64F7B0029B53E /* ViewController.h */,
				B01AE92E1DD64F7B0029B53E /* ViewController.m */,
			);
			name = Controller;
			sourceTree = "<group>";
		};
		B01AE9401DD64FA80029B53E /* Model */ = {
			isa = PBXGroup;
			children = (
				B01AE92A1DD64F7B0029B53E /* AppDelegate.h */,
				B01AE92B1DD64F7B0029B53E /* AppDelegate.m */,
			);
			name = Model;
			sourceTree = "<group>";
		};
		B01AE9411DD64FC40029B53E /* UI */ = {
			isa = PBXGroup;
			children = (
				B01AE9301DD64F7B0029B53E /* Main.storyboard */,
			);
			name = UI;
			sourceTree = "<group>";
		};
/* End PBXGroup section */

/* Begin PBXNativeTarget section */
		B01AE9231DD64F7B0029B53E /* TipCalculator */ = {
			isa = PBXNativeTarget;
			buildConfigurationList = B01AE93B1DD64F7B0029B53E /* Build configuration list for PBXNativeTarget "TipCalculator" */;
			buildPhases = (
				B01AE9201DD64F7B0029B53E /* Sources */,
				B01AE9211DD64F7B0029B53E /* Frameworks */,
				B01AE9221DD64F7B0029B53E /* Resources */,
			);
			buildRules = (
			);
			dependencies = (
			);
			name = TipCalculator;
			productName = TipCalculator;
			productReference = B01AE9241DD64F7B0029B53E /* TipCalculator.app */;
			productType = "com.apple.product-type.application";
		};
/* End PBXNativeTarget section */

/* Begin PBXProject section */
		B01AE91C1DD64F7B0029B53E /* Project object */ = {
			isa = PBXProject;
			attributes = {
				LastUpgradeCheck = 0800;
				ORGANIZATIONNAME = "Tim Beals";
				TargetAttributes = {
					B01AE9231DD64F7B0029B53E = {
						CreatedOnToolsVersion = 8.0;
						ProvisioningStyle = Automatic;
					};
				};
			};
			buildConfigurationList = B01AE91F1DD64F7B0029B53E /* Build configuration list for PBXProject "TipCalculator" */;
			compatibilityVersion = "Xcode 3.2";
			developmentRegion = English;
			hasScannedForEncodings = 0;
			knownRegions = (
				en,
				Base,
			);
			mainGroup = B01AE91B1DD64F7B0029B53E;
			productRefGroup = B01AE9251DD64F7B0029B53E /* Products */;
			projectDirPath = "";
			projectRoot = "";
			targets = (
				B01AE9231DD64F7B0029B53E /* TipCalculator */,
			);
		};
/* End PBXProject section */

/* Begin PBXResourcesBuildPhase section */
		B01AE9221DD64F7B0029B53E /* Resources */ = {
			isa = PBXResourcesBuildPhase;
			buildActionMask = 2147483647;
			files = (
				B01AE9371DD64F7B0029B53E /* LaunchScreen.storyboard in Resources */,
				B01AE9341DD64F7B0029B53E /* Assets.xcassets in Resources */,
				B01AE9321DD64F7B0029B53E /* Main.storyboard in Resources */,
			);
			runOnlyForDeploymentPostprocessing = 0;
		};
/* End PBXResourcesBuildPhase section */

/* Begin PBXSourcesBuildPhase section */
		B01AE9201DD64F7B0029B53E /* Sources */ = {
			isa = PBXSourcesBuildPhase;
			buildActionMask = 2147483647;
			files = (
				B01AE92F1DD64F7B0029B53E /* ViewController.m in Sources */,
				B01AE92C1DD64F7B0029B53E /* AppDelegate.m in Sources */,
				B01AE9291DD64F7B0029B53E /* main.m in Sources */,
			);
			runOnlyForDeploymentPostprocessing = 0;
		};
/* End PBXSourcesBuildPhase section */

/* Begin PBXVariantGroup section */
		B01AE9301DD64F7B0029B53E /* Main.storyboard */ = {
			isa = PBXVariantGroup;
			children = (
				B01AE9311DD64F7B0029B53E /* Base */,
			);
			name = Main.storyboard;
			sourceTree = "<group>";
		};
		B01AE9351DD64F7B0029B53E /* LaunchScreen.storyboard */ = {
			isa = PBXVariantGroup;
			children = (
				B01AE9361DD64F7B0029B53E /* Base */,
			);
			name = LaunchScreen.storyboard;
			sourceTree = "<group>";
		};
/* End PBXVariantGroup section */

/* Begin XCBuildConfiguration section */
		B01AE9391DD64F7B0029B53E /* Debug */ = {
			isa = XCBuildConfiguration;
			buildSettings = {
				ALWAYS_SEARCH_USER_PATHS = NO;
				CLANG_ANALYZER_NONNULL = YES;
				CLANG_CXX_LANGUAGE_STANDARD = "gnu++0x";
				CLANG_CXX_LIBRARY = "libc++";
				CLANG_ENABLE_MODULES = YES;
				CLANG_ENABLE_OBJC_ARC = YES;
				CLANG_WARN_BOOL_CONVERSION = YES;
				CLANG_WARN_CONSTANT_CONVERSION = YES;
				CLANG_WARN_DIRECT_OBJC_ISA_USAGE = YES_ERROR;
				CLANG_WARN_DOCUMENTATION_COMMENTS = YES;
				CLANG_WARN_EMPTY_BODY = YES;
				CLANG_WARN_ENUM_CONVERSION = YES;
				CLANG_WARN_INFINITE_RECURSION = YES;
				CLANG_WARN_INT_CONVERSION = YES;
				CLANG_WARN_OBJC_ROOT_CLASS = YES_ERROR;
				CLANG_WARN_SUSPICIOUS_MOVES = YES;
				CLANG_WARN_UNREACHABLE_CODE = YES;
				CLANG_WARN__DUPLICATE_METHOD_MATCH = YES;
				"CODE_SIGN_IDENTITY[sdk=iphoneos*]" = "iPhone Developer";
				COPY_PHASE_STRIP = NO;
				DEBUG_INFORMATION_FORMAT = dwarf;
				ENABLE_STRICT_OBJC_MSGSEND = YES;
				ENABLE_TESTABILITY = YES;
				GCC_C_LANGUAGE_STANDARD = gnu99;
				GCC_DYNAMIC_NO_PIC = NO;
				GCC_NO_COMMON_BLOCKS = YES;
				GCC_OPTIMIZATION_LEVEL = 0;
				GCC_PREPROCESSOR_DEFINITIONS = (
					"DEBUG=1",
					"$(inherited)",
				);
				GCC_WARN_64_TO_32_BIT_CONVERSION = YES;
				GCC_WARN_ABOUT_RETURN_TYPE = YES_ERROR;
				GCC_WARN_UNDECLARED_SELECTOR = YES;
				GCC_WARN_UNINITIALIZED_AUTOS = YES_AGGRESSIVE;
				GCC_WARN_UNUSED_FUNCTION = YES;
				GCC_WARN_UNUSED_VARIABLE = YES;
				IPHONEOS_DEPLOYMENT_TARGET = 10.0;
				MTL_ENABLE_DEBUG_INFO = YES;
				ONLY_ACTIVE_ARCH = YES;
				SDKROOT = iphoneos;
				TARGETED_DEVICE_FAMILY = "1,2";
			};
			name = Debug;
		};
		B01AE93A1DD64F7B0029B53E /* Release */ = {
			isa = XCBuildConfiguration;
			buildSettings = {
				ALWAYS_SEARCH_USER_PATHS = NO;
				CLANG_ANALYZER_NONNULL = YES;
				CLANG_CXX_LANGUAGE_STANDARD = "gnu++0x";
				CLANG_CXX_LIBRARY = "libc++";
				CLANG_ENABLE_MODULES = YES;
				CLANG_ENABLE_OBJC_ARC = YES;
				CLANG_WARN_BOOL_CONVERSION = YES;
				CLANG_WARN_CONSTANT_CONVERSION = YES;
				CLANG_WARN_DIRECT_OBJC_ISA_USAGE = YES_ERROR;
				CLANG_WARN_DOCUMENTATION_COMMENTS = YES;
				CLANG_WARN_EMPTY_BODY = YES;
				CLANG_WARN_ENUM_CONVERSION = YES;
				CLANG_WARN_INFINITE_RECURSION = YES;
				CLANG_WARN_INT_CONVERSION = YES;
				CLANG_WARN_OBJC_ROOT_CLASS = YES_ERROR;
				CLANG_WARN_SUSPICIOUS_MOVES = YES;
				CLANG_WARN_UNREACHABLE_CODE = YES;
				CLANG_WARN__DUPLICATE_METHOD_MATCH = YES;
				"CODE_SIGN_IDENTITY[sdk=iphoneos*]" = "iPhone Developer";
				COPY_PHASE_STRIP = NO;
				DEBUG_INFORMATION_FORMAT = "dwarf-with-dsym";
				ENABLE_NS_ASSERTIONS = NO;
				ENABLE_STRICT_OBJC_MSGSEND = YES;
				GCC_C_LANGUAGE_STANDARD = gnu99;
				GCC_NO_COMMON_BLOCKS = YES;
				GCC_WARN_64_TO_32_BIT_CONVERSION = YES;
				GCC_WARN_ABOUT_RETURN_TYPE = YES_ERROR;
				GCC_WARN_UNDECLARED_SELECTOR = YES;
				GCC_WARN_UNINITIALIZED_AUTOS = YES_AGGRESSIVE;
				GCC_WARN_UNUSED_FUNCTION = YES;
				GCC_WARN_UNUSED_VARIABLE = YES;
				IPHONEOS_DEPLOYMENT_TARGET = 10.0;
				MTL_ENABLE_DEBUG_INFO = NO;
				SDKROOT = iphoneos;
				TARGETED_DEVICE_FAMILY = "1,2";
				VALIDATE_PRODUCT = YES;
			};
			name = Release;
		};
		B01AE93C1DD64F7B0029B53E /* Debug */ = {
			isa = XCBuildConfiguration;
			buildSettings = {
				ASSETCATALOG_COMPILER_APPICON_NAME = AppIcon;
				INFOPLIST_FILE = TipCalculator/Info.plist;
				LD_RUNPATH_SEARCH_PATHS = "$(inherited) @executable_path/Frameworks";
				PRODUCT_BUNDLE_IDENTIFIER = com.timbeals.TipCalculator;
				PRODUCT_NAME = "$(TARGET_NAME)";
			};
			name = Debug;
		};
		B01AE93D1DD64F7B0029B53E /* Release */ = {
			isa = XCBuildConfiguration;
			buildSettings = {
				ASSETCATALOG_COMPILER_APPICON_NAME = AppIcon;
				INFOPLIST_FILE = TipCalculator/Info.plist;
				LD_RUNPATH_SEARCH_PATHS = "$(inherited) @executable_path/Frameworks";
				PRODUCT_BUNDLE_IDENTIFIER = com.timbeals.TipCalculator;
				PRODUCT_NAME = "$(TARGET_NAME)";
			};
			name = Release;
		};
/* End XCBuildConfiguration section */

/* Begin XCConfigurationList section */
		B01AE91F1DD64F7B0029B53E /* Build configuration list for PBXProject "TipCalculator" */ = {
			isa = XCConfigurationList;
			buildConfigurations = (
				B01AE9391DD64F7B0029B53E /* Debug */,
				B01AE93A1DD64F7B0029B53E /* Release */,
			);
			defaultConfigurationIsVisible = 0;
			defaultConfigurationName = Release;
		};
		B01AE93B1DD64F7B0029B53E /* Build configuration list for PBXNativeTarget "TipCalculator" */ = {
			isa = XCConfigurationList;
			buildConfigurations = (
				B01AE93C1DD64F7B0029B53E /* Debug */,
				B01AE93D1DD64F7B0029B53E /* Release */,
			);
			defaultConfigurationIsVisible = 0;
		};
/* End XCConfigurationList section */
	};
	rootObject = B01AE91C1DD64F7B0029B53E /* Project object */;
}
